
Microsoft Visual Studio Solution File, Format Version 12.00
# Visual Studio Version 16
VisualStudioVersion = 16.0.29503.13
MinimumVisualStudioVersion = 10.0.40219.1
Project("{F184B08F-C81C-45F6-A57F-5ABD9991F28F}") = "Utils", "Utils\Utils.vbproj", "{5922E2A3-67C4-4E3C-95E7-82CB97F40152}"
EndProject
Global
	GlobalSection(SolutionConfigurationPlatforms) = preSolution
		Debug|Any CPU = Debug|Any CPU
		Release|Any CPU = Release|Any CPU
	EndGlobalSection
	GlobalSection(ProjectConfigurationPlatforms) = postSolution
		{5922E2A3-67C4-4E3C-95E7-82CB97F40152}.Debug|Any CPU.ActiveCfg = Debug|Any CPU
		{5922E2A3-67C4-4E3C-95E7-82CB97F40152}.Debug|Any CPU.Build.0 = Debug|Any CPU
		{5922E2A3-67C4-4E3C-95E7-82CB97F40152}.Release|Any CPU.ActiveCfg = Release|Any CPU
		{5922E2A3-67C4-4E3C-95E7-82CB97F40152}.Release|Any CPU.Build.0 = Release|Any CPU
	EndGlobalSection
	GlobalSection(SolutionProperties) = preSolution
		HideSolutionNode = FALSE
	EndGlobalSection
	GlobalSection(ExtensibilityGlobals) = postSolution
		SolutionGuid = {1C8A1EAC-52D2-4E8D-90F2-81A9AE91B6A5}
	EndGlobalSection
EndGlobal
